
Microsoft Visual Studio Solution File, Format Version 12.00
# Visual Studio Version 16
VisualStudioVersion = 16.0.30907.101
MinimumVisualStudioVersion = 10.0.40219.1
Project("{FAE04EC0-301F-11D3-BF4B-00C04F79EFBC}") = "altV-Template", "altV-Template\altV-Template.csproj", "{11B532AB-961E-45A3-9AA5-EB3DCDB15425}"
EndProject
Global
	GlobalSection(SolutionConfigurationPlatforms) = preSolution
		Debug|Any CPU = Debug|Any CPU
		Release|Any CPU = Release|Any CPU
	EndGlobalSection
	GlobalSection(ProjectConfigurationPlatforms) = postSolution
		{11B532AB-961E-45A3-9AA5-EB3DCDB15425}.Debug|Any CPU.ActiveCfg = Debug|Any CPU
		{11B532AB-961E-45A3-9AA5-EB3DCDB15425}.Debug|Any CPU.Build.0 = Debug|Any CPU
		{11B532AB-961E-45A3-9AA5-EB3DCDB15425}.Release|Any CPU.ActiveCfg = Release|Any CPU
		{11B532AB-961E-45A3-9AA5-EB3DCDB15425}.Release|Any CPU.Build.0 = Release|Any CPU
	EndGlobalSection
	GlobalSection(SolutionProperties) = preSolution
		HideSolutionNode = FALSE
	EndGlobalSection
	GlobalSection(ExtensibilityGlobals) = postSolution
		SolutionGuid = {18FB01D8-E74E-4BD1-BB6C-DA42E4240844}
	EndGlobalSection
EndGlobal
